
Microsoft Visual Studio Solution File, Format Version 12.00
# Visual Studio Version 17
VisualStudioVersion = 17.10.35013.160
MinimumVisualStudioVersion = 10.0.40219.1
Project("{FAE04EC0-301F-11D3-BF4B-00C04F79EFBC}") = "Route.IKEA.DAL", "Route.IKEA.DAL\Route.IKEA.DAL.csproj", "{9E69808B-FF61-4C0E-A04E-E12CB3A2D074}"
EndProject
Project("{FAE04EC0-301F-11D3-BF4B-00C04F79EFBC}") = "Route.IKEA.BLL", "Route.IKEA.BLL\Route.IKEA.BLL.csproj", "{BF606162-A7D8-44AC-9003-8E7B911370C7}"
EndProject
Project("{FAE04EC0-301F-11D3-BF4B-00C04F79EFBC}") = "Route.IKEA.PL", "Route.IKEA.PL\Route.IKEA.PL.csproj", "{44F80CCA-0773-483B-A1EB-DA1EA78EC17B}"
EndProject
Global
	GlobalSection(SolutionConfigurationPlatforms) = preSolution
		Debug|Any CPU = Debug|Any CPU
		Release|Any CPU = Release|Any CPU
	EndGlobalSection
	GlobalSection(ProjectConfigurationPlatforms) = postSolution
		{9E69808B-FF61-4C0E-A04E-E12CB3A2D074}.Debug|Any CPU.ActiveCfg = Debug|Any CPU
		{9E69808B-FF61-4C0E-A04E-E12CB3A2D074}.Debug|Any CPU.Build.0 = Debug|Any CPU
		{9E69808B-FF61-4C0E-A04E-E12CB3A2D074}.Release|Any CPU.ActiveCfg = Release|Any CPU
		{9E69808B-FF61-4C0E-A04E-E12CB3A2D074}.Release|Any CPU.Build.0 = Release|Any CPU
		{BF606162-A7D8-44AC-9003-8E7B911370C7}.Debug|Any CPU.ActiveCfg = Debug|Any CPU
		{BF606162-A7D8-44AC-9003-8E7B911370C7}.Debug|Any CPU.Build.0 = Debug|Any CPU
		{BF606162-A7D8-44AC-9003-8E7B911370C7}.Release|Any CPU.ActiveCfg = Release|Any CPU
		{BF606162-A7D8-44AC-9003-8E7B911370C7}.Release|Any CPU.Build.0 = Release|Any CPU
		{44F80CCA-0773-483B-A1EB-DA1EA78EC17B}.Debug|Any CPU.ActiveCfg = Debug|Any CPU
		{44F80CCA-0773-483B-A1EB-DA1EA78EC17B}.Debug|Any CPU.Build.0 = Debug|Any CPU
		{44F80CCA-0773-483B-A1EB-DA1EA78EC17B}.Release|Any CPU.ActiveCfg = Release|Any CPU
		{44F80CCA-0773-483B-A1EB-DA1EA78EC17B}.Release|Any CPU.Build.0 = Release|Any CPU
	EndGlobalSection
	GlobalSection(SolutionProperties) = preSolution
		HideSolutionNode = FALSE
	EndGlobalSection
	GlobalSection(ExtensibilityGlobals) = postSolution
		SolutionGuid = {7552DB52-3434-4629-9253-EDD6CEDB47AD}
	EndGlobalSection
EndGlobal
